{
  "name": "Remittance",
  "version": "1.0.0",
  "lockfileVersion": 1,
  "requires": true,
  "dependencies": {
    "ganache-time-traveler": {
      "version": "1.0.14",
      "resolved": "https://registry.npmjs.org/ganache-time-traveler/-/ganache-time-traveler-1.0.14.tgz",
      "integrity": "sha512-HjoasTIgjgjWRyKfw7AlmJuVZX/SZNR3KEqIKcGuX4jgGb7ofyjcD2RnnGb1LQcVrCi95s4Pe7019ZPt+SQEJA==",
      "dev": true
    }
  }
}
